// !$*UTF8*$!
{
	archiveVersion = 1;
	classes = {
	};
	objectVersion = 56;
	objects = {

/* Begin PBXBuildFile section */
		BFD1168B2E4E3BB000A0FFF8 /* ShopAppApp.swift in Sources */ = {isa = PBXBuildFile; fileRef = BFD1168A2E4E3BB000A0FFF8 /* ShopAppApp.swift */; };
		BFD1168F2E4E3BB400A0FFF8 /* Assets.xcassets in Resources */ = {isa = PBXBuildFile; fileRef = BFD1168E2E4E3BB400A0FFF8 /* Assets.xcassets */; };
		BFD116922E4E3BB400A0FFF8 /* Preview Assets.xcassets in Resources */ = {isa = PBXBuildFile; fileRef = BFD116912E4E3BB400A0FFF8 /* Preview Assets.xcassets */; };
		BFD116992E4E3C0900A0FFF8 /* Product.swift in Sources */ = {isa = PBXBuildFile; fileRef = BFD116982E4E3C0900A0FFF8 /* Product.swift */; };
		BFD1169D2E4E3D9800A0FFF8 /* APIService.swift in Sources */ = {isa = PBXBuildFile; fileRef = BFD1169C2E4E3D9800A0FFF8 /* APIService.swift */; };
		BFD1169F2E4E3EFE00A0FFF8 /* APIError.swift in Sources */ = {isa = PBXBuildFile; fileRef = BFD1169E2E4E3EFE00A0FFF8 /* APIError.swift */; };
		BFD116A32E4E426E00A0FFF8 /* ProductGridView.swift in Sources */ = {isa = PBXBuildFile; fileRef = BFD116A22E4E426E00A0FFF8 /* ProductGridView.swift */; };
		BFD116A52E4E42CC00A0FFF8 /* CartView.swift in Sources */ = {isa = PBXBuildFile; fileRef = BFD116A42E4E42CC00A0FFF8 /* CartView.swift */; };
		BFD116A72E4E42F400A0FFF8 /* ProductDetailView.swift in Sources */ = {isa = PBXBuildFile; fileRef = BFD116A62E4E42F400A0FFF8 /* ProductDetailView.swift */; };
		BFD116A92E4E432D00A0FFF8 /* ProductItemView.swift in Sources */ = {isa = PBXBuildFile; fileRef = BFD116A82E4E432D00A0FFF8 /* ProductItemView.swift */; };
		BFD116AB2E4E436500A0FFF8 /* ProductViewModel.swift in Sources */ = {isa = PBXBuildFile; fileRef = BFD116AA2E4E436500A0FFF8 /* ProductViewModel.swift */; };
/* End PBXBuildFile section */

/* Begin PBXFileReference section */
		BFD116872E4E3BB000A0FFF8 /* ShopApp.app */ = {isa = PBXFileReference; explicitFileType = wrapper.application; includeInIndex = 0; path = ShopApp.app; sourceTree = BUILT_PRODUCTS_DIR; };
		BFD1168A2E4E3BB000A0FFF8 /* ShopAppApp.swift */ = {isa = PBXFileReference; lastKnownFileType = sourcecode.swift; path = ShopAppApp.swift; sourceTree = "<group>"; };
		BFD1168E2E4E3BB400A0FFF8 /* Assets.xcassets */ = {isa = PBXFileReference; lastKnownFileType = folder.assetcatalog; path = Assets.xcassets; sourceTree = "<group>"; };
		BFD116912E4E3BB400A0FFF8 /* Preview Assets.xcassets */ = {isa = PBXFileReference; lastKnownFileType = folder.assetcatalog; path = "Preview Assets.xcassets"; sourceTree = "<group>"; };
		BFD116982E4E3C0900A0FFF8 /* Product.swift */ = {isa = PBXFileReference; lastKnownFileType = sourcecode.swift; path = Product.swift; sourceTree = "<group>"; };
		BFD1169C2E4E3D9800A0FFF8 /* APIService.swift */ = {isa = PBXFileReference; lastKnownFileType = sourcecode.swift; path = APIService.swift; sourceTree = "<group>"; };
		BFD1169E2E4E3EFE00A0FFF8 /* APIError.swift */ = {isa = PBXFileReference; lastKnownFileType = sourcecode.swift; path = APIError.swift; sourceTree = "<group>"; };
		BFD116A22E4E426E00A0FFF8 /* ProductGridView.swift */ = {isa = PBXFileReference; lastKnownFileType = sourcecode.swift; path = ProductGridView.swift; sourceTree = "<group>"; };
		BFD116A42E4E42CC00A0FFF8 /* CartView.swift */ = {isa = PBXFileReference; lastKnownFileType = sourcecode.swift; path = CartView.swift; sourceTree = "<group>"; };
		BFD116A62E4E42F400A0FFF8 /* ProductDetailView.swift */ = {isa = PBXFileReference; lastKnownFileType = sourcecode.swift; path = ProductDetailView.swift; sourceTree = "<group>"; };
		BFD116A82E4E432D00A0FFF8 /* ProductItemView.swift */ = {isa = PBXFileReference; lastKnownFileType = sourcecode.swift; path = ProductItemView.swift; sourceTree = "<group>"; };
		BFD116AA2E4E436500A0FFF8 /* ProductViewModel.swift */ = {isa = PBXFileReference; lastKnownFileType = sourcecode.swift; path = ProductViewModel.swift; sourceTree = "<group>"; };
/* End PBXFileReference section */

/* Begin PBXFrameworksBuildPhase section */
		BFD116842E4E3BB000A0FFF8 /* Frameworks */ = {
			isa = PBXFrameworksBuildPhase;
			buildActionMask = 2147483647;
			files = (
			);
			runOnlyForDeploymentPostprocessing = 0;
		};
/* End PBXFrameworksBuildPhase section */

/* Begin PBXGroup section */
		BFD1167E2E4E3BAF00A0FFF8 = {
			isa = PBXGroup;
			children = (
				BFD116892E4E3BB000A0FFF8 /* ShopApp */,
				BFD116882E4E3BB000A0FFF8 /* Products */,
			);
			sourceTree = "<group>";
		};
		BFD116882E4E3BB000A0FFF8 /* Products */ = {
			isa = PBXGroup;
			children = (
				BFD116872E4E3BB000A0FFF8 /* ShopApp.app */,
			);
			name = Products;
			sourceTree = "<group>";
		};
		BFD116892E4E3BB000A0FFF8 /* ShopApp */ = {
			isa = PBXGroup;
			children = (
				BFD1168A2E4E3BB000A0FFF8 /* ShopAppApp.swift */,
				BFD1169A2E4E3D0200A0FFF8 /* Model */,
				BFD116A12E4E403E00A0FFF8 /* Views */,
				BFD116A02E4E3FFB00A0FFF8 /* ViewModels */,
				BFD1169B2E4E3D6D00A0FFF8 /* Services */,
				BFD1168E2E4E3BB400A0FFF8 /* Assets.xcassets */,
				BFD116902E4E3BB400A0FFF8 /* Preview Content */,
			);
			path = ShopApp;
			sourceTree = "<group>";
		};
		BFD116902E4E3BB400A0FFF8 /* Preview Content */ = {
			isa = PBXGroup;
			children = (
				BFD116912E4E3BB400A0FFF8 /* Preview Assets.xcassets */,
			);
			path = "Preview Content";
			sourceTree = "<group>";
		};
		BFD1169A2E4E3D0200A0FFF8 /* Model */ = {
			isa = PBXGroup;
			children = (
				BFD116982E4E3C0900A0FFF8 /* Product.swift */,
			);
			path = Model;
			sourceTree = "<group>";
		};
		BFD1169B2E4E3D6D00A0FFF8 /* Services */ = {
			isa = PBXGroup;
			children = (
				BFD1169C2E4E3D9800A0FFF8 /* APIService.swift */,
				BFD1169E2E4E3EFE00A0FFF8 /* APIError.swift */,
			);
			path = Services;
			sourceTree = "<group>";
		};
		BFD116A02E4E3FFB00A0FFF8 /* ViewModels */ = {
			isa = PBXGroup;
			children = (
				BFD116AA2E4E436500A0FFF8 /* ProductViewModel.swift */,
			);
			path = ViewModels;
			sourceTree = "<group>";
		};
		BFD116A12E4E403E00A0FFF8 /* Views */ = {
			isa = PBXGroup;
			children = (
				BFD116A42E4E42CC00A0FFF8 /* CartView.swift */,
				BFD116A82E4E432D00A0FFF8 /* ProductItemView.swift */,
				BFD116A62E4E42F400A0FFF8 /* ProductDetailView.swift */,
				BFD116A22E4E426E00A0FFF8 /* ProductGridView.swift */,
			);
			path = Views;
			sourceTree = "<group>";
		};
/* End PBXGroup section */

/* Begin PBXNativeTarget section */
		BFD116862E4E3BB000A0FFF8 /* ShopApp */ = {
			isa = PBXNativeTarget;
			buildConfigurationList = BFD116952E4E3BB400A0FFF8 /* Build configuration list for PBXNativeTarget "ShopApp" */;
			buildPhases = (
				BFD116832E4E3BB000A0FFF8 /* Sources */,
				BFD116842E4E3BB000A0FFF8 /* Frameworks */,
				BFD116852E4E3BB000A0FFF8 /* Resources */,
			);
			buildRules = (
			);
			dependencies = (
			);
			name = ShopApp;
			productName = ShopApp;
			productReference = BFD116872E4E3BB000A0FFF8 /* ShopApp.app */;
			productType = "com.apple.product-type.application";
		};
/* End PBXNativeTarget section */

/* Begin PBXProject section */
		BFD1167F2E4E3BAF00A0FFF8 /* Project object */ = {
			isa = PBXProject;
			attributes = {
				BuildIndependentTargetsInParallel = 1;
				LastSwiftUpdateCheck = 1520;
				LastUpgradeCheck = 1520;
				TargetAttributes = {
					BFD116862E4E3BB000A0FFF8 = {
						CreatedOnToolsVersion = 15.2;
					};
				};
			};
			buildConfigurationList = BFD116822E4E3BAF00A0FFF8 /* Build configuration list for PBXProject "ShopApp" */;
			compatibilityVersion = "Xcode 14.0";
			developmentRegion = en;
			hasScannedForEncodings = 0;
			knownRegions = (
				en,
				Base,
			);
			mainGroup = BFD1167E2E4E3BAF00A0FFF8;
			productRefGroup = BFD116882E4E3BB000A0FFF8 /* Products */;
			projectDirPath = "";
			projectRoot = "";
			targets = (
				BFD116862E4E3BB000A0FFF8 /* ShopApp */,
			);
		};
/* End PBXProject section */

/* Begin PBXResourcesBuildPhase section */
		BFD116852E4E3BB000A0FFF8 /* Resources */ = {
			isa = PBXResourcesBuildPhase;
			buildActionMask = 2147483647;
			files = (
				BFD116922E4E3BB400A0FFF8 /* Preview Assets.xcassets in Resources */,
				BFD1168F2E4E3BB400A0FFF8 /* Assets.xcassets in Resources */,
			);
			runOnlyForDeploymentPostprocessing = 0;
		};
/* End PBXResourcesBuildPhase section */

/* Begin PBXSourcesBuildPhase section */
		BFD116832E4E3BB000A0FFF8 /* Sources */ = {
			isa = PBXSourcesBuildPhase;
			buildActionMask = 2147483647;
			files = (
				BFD116A92E4E432D00A0FFF8 /* ProductItemView.swift in Sources */,
				BFD116992E4E3C0900A0FFF8 /* Product.swift in Sources */,
				BFD116A72E4E42F400A0FFF8 /* ProductDetailView.swift in Sources */,
				BFD116A52E4E42CC00A0FFF8 /* CartView.swift in Sources */,
				BFD116AB2E4E436500A0FFF8 /* ProductViewModel.swift in Sources */,
				BFD1169D2E4E3D9800A0FFF8 /* APIService.swift in Sources */,
				BFD1169F2E4E3EFE00A0FFF8 /* APIError.swift in Sources */,
				BFD116A32E4E426E00A0FFF8 /* ProductGridView.swift in Sources */,
				BFD1168B2E4E3BB000A0FFF8 /* ShopAppApp.swift in Sources */,
			);
			runOnlyForDeploymentPostprocessing = 0;
		};
/* End PBXSourcesBuildPhase section */

/* Begin XCBuildConfiguration section */
		BFD116932E4E3BB400A0FFF8 /* Debug */ = {
			isa = XCBuildConfiguration;
			buildSettings = {
				ALWAYS_SEARCH_USER_PATHS = NO;
				ASSETCATALOG_COMPILER_GENERATE_SWIFT_ASSET_SYMBOL_EXTENSIONS = YES;
				CLANG_ANALYZER_NONNULL = YES;
				CLANG_ANALYZER_NUMBER_OBJECT_CONVERSION = YES_AGGRESSIVE;
				CLANG_CXX_LANGUAGE_STANDARD = "gnu++20";
				CLANG_ENABLE_MODULES = YES;
				CLANG_ENABLE_OBJC_ARC = YES;
				CLANG_ENABLE_OBJC_WEAK = YES;
				CLANG_WARN_BLOCK_CAPTURE_AUTORELEASING = YES;
				CLANG_WARN_BOOL_CONVERSION = YES;
				CLANG_WARN_COMMA = YES;
				CLANG_WARN_CONSTANT_CONVERSION = YES;
				CLANG_WARN_DEPRECATED_OBJC_IMPLEMENTATIONS = YES;
				CLANG_WARN_DIRECT_OBJC_ISA_USAGE = YES_ERROR;
				CLANG_WARN_DOCUMENTATION_COMMENTS = YES;
				CLANG_WARN_EMPTY_BODY = YES;
				CLANG_WARN_ENUM_CONVERSION = YES;
				CLANG_WARN_INFINITE_RECURSION = YES;
				CLANG_WARN_INT_CONVERSION = YES;
				CLANG_WARN_NON_LITERAL_NULL_CONVERSION = YES;
				CLANG_WARN_OBJC_IMPLICIT_RETAIN_SELF = YES;
				CLANG_WARN_OBJC_LITERAL_CONVERSION = YES;
				CLANG_WARN_OBJC_ROOT_CLASS = YES_ERROR;
				CLANG_WARN_QUOTED_INCLUDE_IN_FRAMEWORK_HEADER = YES;
				CLANG_WARN_RANGE_LOOP_ANALYSIS = YES;
				CLANG_WARN_STRICT_PROTOTYPES = YES;
				CLANG_WARN_SUSPICIOUS_MOVE = YES;
				CLANG_WARN_UNGUARDED_AVAILABILITY = YES_AGGRESSIVE;
				CLANG_WARN_UNREACHABLE_CODE = YES;
				CLANG_WARN__DUPLICATE_METHOD_MATCH = YES;
				COPY_PHASE_STRIP = NO;
				DEBUG_INFORMATION_FORMAT = dwarf;
				ENABLE_STRICT_OBJC_MSGSEND = YES;
				ENABLE_TESTABILITY = YES;
				ENABLE_USER_SCRIPT_SANDBOXING = YES;
				GCC_C_LANGUAGE_STANDARD = gnu17;
				GCC_DYNAMIC_NO_PIC = NO;
				GCC_NO_COMMON_BLOCKS = YES;
				GCC_OPTIMIZATION_LEVEL = 0;
				GCC_PREPROCESSOR_DEFINITIONS = (
					"DEBUG=1",
					"$(inherited)",
				);
				GCC_WARN_64_TO_32_BIT_CONVERSION = YES;
				GCC_WARN_ABOUT_RETURN_TYPE = YES_ERROR;
				GCC_WARN_UNDECLARED_SELECTOR = YES;
				GCC_WARN_UNINITIALIZED_AUTOS = YES_AGGRESSIVE;
				GCC_WARN_UNUSED_FUNCTION = YES;
				GCC_WARN_UNUSED_VARIABLE = YES;
				IPHONEOS_DEPLOYMENT_TARGET = 17.2;
				LOCALIZATION_PREFERS_STRING_CATALOGS = YES;
				MTL_ENABLE_DEBUG_INFO = INCLUDE_SOURCE;
				MTL_FAST_MATH = YES;
				ONLY_ACTIVE_ARCH = YES;
				SDKROOT = iphoneos;
				SWIFT_ACTIVE_COMPILATION_CONDITIONS = "DEBUG $(inherited)";
				SWIFT_OPTIMIZATION_LEVEL = "-Onone";
			};
			name = Debug;
		};
		BFD116942E4E3BB400A0FFF8 /* Release */ = {
			isa = XCBuildConfiguration;
			buildSettings = {
				ALWAYS_SEARCH_USER_PATHS = NO;
				ASSETCATALOG_COMPILER_GENERATE_SWIFT_ASSET_SYMBOL_EXTENSIONS = YES;
				CLANG_ANALYZER_NONNULL = YES;
				CLANG_ANALYZER_NUMBER_OBJECT_CONVERSION = YES_AGGRESSIVE;
				CLANG_CXX_LANGUAGE_STANDARD = "gnu++20";
				CLANG_ENABLE_MODULES = YES;
				CLANG_ENABLE_OBJC_ARC = YES;
				CLANG_ENABLE_OBJC_WEAK = YES;
				CLANG_WARN_BLOCK_CAPTURE_AUTORELEASING = YES;
				CLANG_WARN_BOOL_CONVERSION = YES;
				CLANG_WARN_COMMA = YES;
				CLANG_WARN_CONSTANT_CONVERSION = YES;
				CLANG_WARN_DEPRECATED_OBJC_IMPLEMENTATIONS = YES;
				CLANG_WARN_DIRECT_OBJC_ISA_USAGE = YES_ERROR;
				CLANG_WARN_DOCUMENTATION_COMMENTS = YES;
				CLANG_WARN_EMPTY_BODY = YES;
				CLANG_WARN_ENUM_CONVERSION = YES;
				CLANG_WARN_INFINITE_RECURSION = YES;
				CLANG_WARN_INT_CONVERSION = YES;
				CLANG_WARN_NON_LITERAL_NULL_CONVERSION = YES;
				CLANG_WARN_OBJC_IMPLICIT_RETAIN_SELF = YES;
				CLANG_WARN_OBJC_LITERAL_CONVERSION = YES;
				CLANG_WARN_OBJC_ROOT_CLASS = YES_ERROR;
				CLANG_WARN_QUOTED_INCLUDE_IN_FRAMEWORK_HEADER = YES;
				CLANG_WARN_RANGE_LOOP_ANALYSIS = YES;
				CLANG_WARN_STRICT_PROTOTYPES = YES;
				CLANG_WARN_SUSPICIOUS_MOVE = YES;
				CLANG_WARN_UNGUARDED_AVAILABILITY = YES_AGGRESSIVE;
				CLANG_WARN_UNREACHABLE_CODE = YES;
				CLANG_WARN__DUPLICATE_METHOD_MATCH = YES;
				COPY_PHASE_STRIP = NO;
				DEBUG_INFORMATION_FORMAT = "dwarf-with-dsym";
				ENABLE_NS_ASSERTIONS = NO;
				ENABLE_STRICT_OBJC_MSGSEND = YES;
				ENABLE_USER_SCRIPT_SANDBOXING = YES;
				GCC_C_LANGUAGE_STANDARD = gnu17;
				GCC_NO_COMMON_BLOCKS = YES;
				GCC_WARN_64_TO_32_BIT_CONVERSION = YES;
				GCC_WARN_ABOUT_RETURN_TYPE = YES_ERROR;
				GCC_WARN_UNDECLARED_SELECTOR = YES;
				GCC_WARN_UNINITIALIZED_AUTOS = YES_AGGRESSIVE;
				GCC_WARN_UNUSED_FUNCTION = YES;
				GCC_WARN_UNUSED_VARIABLE = YES;
				IPHONEOS_DEPLOYMENT_TARGET = 17.2;
				LOCALIZATION_PREFERS_STRING_CATALOGS = YES;
				MTL_ENABLE_DEBUG_INFO = NO;
				MTL_FAST_MATH = YES;
				SDKROOT = iphoneos;
				SWIFT_COMPILATION_MODE = wholemodule;
				VALIDATE_PRODUCT = YES;
			};
			name = Release;
		};
		BFD116962E4E3BB400A0FFF8 /* Debug */ = {
			isa = XCBuildConfiguration;
			buildSettings = {
				ASSETCATALOG_COMPILER_APPICON_NAME = AppIcon;
				ASSETCATALOG_COMPILER_GLOBAL_ACCENT_COLOR_NAME = AccentColor;
				CODE_SIGN_STYLE = Automatic;
				CURRENT_PROJECT_VERSION = 1;
				DEVELOPMENT_ASSET_PATHS = "\"ShopApp/Preview Content\"";
				ENABLE_PREVIEWS = YES;
				GENERATE_INFOPLIST_FILE = YES;
				INFOPLIST_KEY_UIApplicationSceneManifest_Generation = YES;
				INFOPLIST_KEY_UIApplicationSupportsIndirectInputEvents = YES;
				INFOPLIST_KEY_UILaunchScreen_Generation = YES;
				INFOPLIST_KEY_UISupportedInterfaceOrientations_iPad = "UIInterfaceOrientationPortrait UIInterfaceOrientationPortraitUpsideDown UIInterfaceOrientationLandscapeLeft UIInterfaceOrientationLandscapeRight";
				INFOPLIST_KEY_UISupportedInterfaceOrientations_iPhone = "UIInterfaceOrientationPortrait UIInterfaceOrientationLandscapeLeft UIInterfaceOrientationLandscapeRight";
				LD_RUNPATH_SEARCH_PATHS = (
					"$(inherited)",
					"@executable_path/Frameworks",
				);
				MARKETING_VERSION = 1.0;
				PRODUCT_BUNDLE_IDENTIFIER = Jagadeesh.ShopApp;
				PRODUCT_NAME = "$(TARGET_NAME)";
				SWIFT_EMIT_LOC_STRINGS = YES;
				SWIFT_VERSION = 5.0;
				TARGETED_DEVICE_FAMILY = "1,2";
			};
			name = Debug;
		};
		BFD116972E4E3BB400A0FFF8 /* Release */ = {
			isa = XCBuildConfiguration;
			buildSettings = {
				ASSETCATALOG_COMPILER_APPICON_NAME = AppIcon;
				ASSETCATALOG_COMPILER_GLOBAL_ACCENT_COLOR_NAME = AccentColor;
				CODE_SIGN_STYLE = Automatic;
				CURRENT_PROJECT_VERSION = 1;
				DEVELOPMENT_ASSET_PATHS = "\"ShopApp/Preview Content\"";
				ENABLE_PREVIEWS = YES;
				GENERATE_INFOPLIST_FILE = YES;
				INFOPLIST_KEY_UIApplicationSceneManifest_Generation = YES;
				INFOPLIST_KEY_UIApplicationSupportsIndirectInputEvents = YES;
				INFOPLIST_KEY_UILaunchScreen_Generation = YES;
				INFOPLIST_KEY_UISupportedInterfaceOrientations_iPad = "UIInterfaceOrientationPortrait UIInterfaceOrientationPortraitUpsideDown UIInterfaceOrientationLandscapeLeft UIInterfaceOrientationLandscapeRight";
				INFOPLIST_KEY_UISupportedInterfaceOrientations_iPhone = "UIInterfaceOrientationPortrait UIInterfaceOrientationLandscapeLeft UIInterfaceOrientationLandscapeRight";
				LD_RUNPATH_SEARCH_PATHS = (
					"$(inherited)",
					"@executable_path/Frameworks",
				);
				MARKETING_VERSION = 1.0;
				PRODUCT_BUNDLE_IDENTIFIER = Jagadeesh.ShopApp;
				PRODUCT_NAME = "$(TARGET_NAME)";
				SWIFT_EMIT_LOC_STRINGS = YES;
				SWIFT_VERSION = 5.0;
				TARGETED_DEVICE_FAMILY = "1,2";
			};
			name = Release;
		};
/* End XCBuildConfiguration section */

/* Begin XCConfigurationList section */
		BFD116822E4E3BAF00A0FFF8 /* Build configuration list for PBXProject "ShopApp" */ = {
			isa = XCConfigurationList;
			buildConfigurations = (
				BFD116932E4E3BB400A0FFF8 /* Debug */,
				BFD116942E4E3BB400A0FFF8 /* Release */,
			);
			defaultConfigurationIsVisible = 0;
			defaultConfigurationName = Release;
		};
		BFD116952E4E3BB400A0FFF8 /* Build configuration list for PBXNativeTarget "ShopApp" */ = {
			isa = XCConfigurationList;
			buildConfigurations = (
				BFD116962E4E3BB400A0FFF8 /* Debug */,
				BFD116972E4E3BB400A0FFF8 /* Release */,
			);
			defaultConfigurationIsVisible = 0;
			defaultConfigurationName = Release;
		};
/* End XCConfigurationList section */
	};
	rootObject = BFD1167F2E4E3BAF00A0FFF8 /* Project object */;
}
